// !$*UTF8*$!
{
	archiveVersion = 1;
	classes = {
	};
	objectVersion = 50;
	objects = {

/* Begin PBXBuildFile section */
		2F2E646925BA250A007D30DF /* AppDelegate.swift in Sources */ = {isa = PBXBuildFile; fileRef = 2F2E646825BA250A007D30DF /* AppDelegate.swift */; };
		2F2E646B25BA250A007D30DF /* SceneDelegate.swift in Sources */ = {isa = PBXBuildFile; fileRef = 2F2E646A25BA250A007D30DF /* SceneDelegate.swift */; };
		2F2E646D25BA250A007D30DF /* ViewController.swift in Sources */ = {isa = PBXBuildFile; fileRef = 2F2E646C25BA250A007D30DF /* ViewController.swift */; };
		2F2E647025BA250A007D30DF /* Main.storyboard in Resources */ = {isa = PBXBuildFile; fileRef = 2F2E646E25BA250A007D30DF /* Main.storyboard */; };
		2F2E647325BA250A007D30DF /* flixster.xcdatamodeld in Sources */ = {isa = PBXBuildFile; fileRef = 2F2E647125BA250A007D30DF /* flixster.xcdatamodeld */; };
		2F2E647525BA2510007D30DF /* Assets.xcassets in Resources */ = {isa = PBXBuildFile; fileRef = 2F2E647425BA2510007D30DF /* Assets.xcassets */; };
		2F2E647825BA2510007D30DF /* LaunchScreen.storyboard in Resources */ = {isa = PBXBuildFile; fileRef = 2F2E647625BA2510007D30DF /* LaunchScreen.storyboard */; };
		2F2E648325BA2511007D30DF /* flixsterTests.swift in Sources */ = {isa = PBXBuildFile; fileRef = 2F2E648225BA2511007D30DF /* flixsterTests.swift */; };
		2F2E648E25BA2511007D30DF /* flixsterUITests.swift in Sources */ = {isa = PBXBuildFile; fileRef = 2F2E648D25BA2511007D30DF /* flixsterUITests.swift */; };
/* End PBXBuildFile section */

/* Begin PBXContainerItemProxy section */
		2F2E647F25BA2511007D30DF /* PBXContainerItemProxy */ = {
			isa = PBXContainerItemProxy;
			containerPortal = 2F2E645D25BA250A007D30DF /* Project object */;
			proxyType = 1;
			remoteGlobalIDString = 2F2E646425BA250A007D30DF;
			remoteInfo = flixster;
		};
		2F2E648A25BA2511007D30DF /* PBXContainerItemProxy */ = {
			isa = PBXContainerItemProxy;
			containerPortal = 2F2E645D25BA250A007D30DF /* Project object */;
			proxyType = 1;
			remoteGlobalIDString = 2F2E646425BA250A007D30DF;
			remoteInfo = flixster;
		};
/* End PBXContainerItemProxy section */

/* Begin PBXFileReference section */
		2F2E646525BA250A007D30DF /* flixster.app */ = {isa = PBXFileReference; explicitFileType = wrapper.application; includeInIndex = 0; path = flixster.app; sourceTree = BUILT_PRODUCTS_DIR; };
		2F2E646825BA250A007D30DF /* AppDelegate.swift */ = {isa = PBXFileReference; lastKnownFileType = sourcecode.swift; path = AppDelegate.swift; sourceTree = "<group>"; };
		2F2E646A25BA250A007D30DF /* SceneDelegate.swift */ = {isa = PBXFileReference; lastKnownFileType = sourcecode.swift; path = SceneDelegate.swift; sourceTree = "<group>"; };
		2F2E646C25BA250A007D30DF /* ViewController.swift */ = {isa = PBXFileReference; lastKnownFileType = sourcecode.swift; path = ViewController.swift; sourceTree = "<group>"; };
		2F2E646F25BA250A007D30DF /* Base */ = {isa = PBXFileReference; lastKnownFileType = file.storyboard; name = Base; path = Base.lproj/Main.storyboard; sourceTree = "<group>"; };
		2F2E647225BA250A007D30DF /* flixster.xcdatamodel */ = {isa = PBXFileReference; lastKnownFileType = wrapper.xcdatamodel; path = flixster.xcdatamodel; sourceTree = "<group>"; };
		2F2E647425BA2510007D30DF /* Assets.xcassets */ = {isa = PBXFileReference; lastKnownFileType = folder.assetcatalog; path = Assets.xcassets; sourceTree = "<group>"; };
		2F2E647725BA2510007D30DF /* Base */ = {isa = PBXFileReference; lastKnownFileType = file.storyboard; name = Base; path = Base.lproj/LaunchScreen.storyboard; sourceTree = "<group>"; };
		2F2E647925BA2510007D30DF /* Info.plist */ = {isa = PBXFileReference; lastKnownFileType = text.plist.xml; path = Info.plist; sourceTree = "<group>"; };
		2F2E647E25BA2511007D30DF /* flixsterTests.xctest */ = {isa = PBXFileReference; explicitFileType = wrapper.cfbundle; includeInIndex = 0; path = flixsterTests.xctest; sourceTree = BUILT_PRODUCTS_DIR; };
		2F2E648225BA2511007D30DF /* flixsterTests.swift */ = {isa = PBXFileReference; lastKnownFileType = sourcecode.swift; path = flixsterTests.swift; sourceTree = "<group>"; };
		2F2E648425BA2511007D30DF /* Info.plist */ = {isa = PBXFileReference; lastKnownFileType = text.plist.xml; path = Info.plist; sourceTree = "<group>"; };
		2F2E648925BA2511007D30DF /* flixsterUITests.xctest */ = {isa = PBXFileReference; explicitFileType = wrapper.cfbundle; includeInIndex = 0; path = flixsterUITests.xctest; sourceTree = BUILT_PRODUCTS_DIR; };
		2F2E648D25BA2511007D30DF /* flixsterUITests.swift */ = {isa = PBXFileReference; lastKnownFileType = sourcecode.swift; path = flixsterUITests.swift; sourceTree = "<group>"; };
		2F2E648F25BA2511007D30DF /* Info.plist */ = {isa = PBXFileReference; lastKnownFileType = text.plist.xml; path = Info.plist; sourceTree = "<group>"; };
/* End PBXFileReference section */

/* Begin PBXFrameworksBuildPhase section */
		2F2E646225BA250A007D30DF /* Frameworks */ = {
			isa = PBXFrameworksBuildPhase;
			buildActionMask = 2147483647;
			files = (
			);
			runOnlyForDeploymentPostprocessing = 0;
		};
		2F2E647B25BA2511007D30DF /* Frameworks */ = {
			isa = PBXFrameworksBuildPhase;
			buildActionMask = 2147483647;
			files = (
			);
			runOnlyForDeploymentPostprocessing = 0;
		};
		2F2E648625BA2511007D30DF /* Frameworks */ = {
			isa = PBXFrameworksBuildPhase;
			buildActionMask = 2147483647;
			files = (
			);
			runOnlyForDeploymentPostprocessing = 0;
		};
/* End PBXFrameworksBuildPhase section */

/* Begin PBXGroup section */
		2F2E645C25BA250A007D30DF = {
			isa = PBXGroup;
			children = (
				2F2E646725BA250A007D30DF /* flixster */,
				2F2E648125BA2511007D30DF /* flixsterTests */,
				2F2E648C25BA2511007D30DF /* flixsterUITests */,
				2F2E646625BA250A007D30DF /* Products */,
			);
			sourceTree = "<group>";
		};
		2F2E646625BA250A007D30DF /* Products */ = {
			isa = PBXGroup;
			children = (
				2F2E646525BA250A007D30DF /* flixster.app */,
				2F2E647E25BA2511007D30DF /* flixsterTests.xctest */,
				2F2E648925BA2511007D30DF /* flixsterUITests.xctest */,
			);
			name = Products;
			sourceTree = "<group>";
		};
		2F2E646725BA250A007D30DF /* flixster */ = {
			isa = PBXGroup;
			children = (
				2F2E646825BA250A007D30DF /* AppDelegate.swift */,
				2F2E646A25BA250A007D30DF /* SceneDelegate.swift */,
				2F2E646C25BA250A007D30DF /* ViewController.swift */,
				2F2E646E25BA250A007D30DF /* Main.storyboard */,
				2F2E647425BA2510007D30DF /* Assets.xcassets */,
				2F2E647625BA2510007D30DF /* LaunchScreen.storyboard */,
				2F2E647925BA2510007D30DF /* Info.plist */,
				2F2E647125BA250A007D30DF /* flixster.xcdatamodeld */,
			);
			path = flixster;
			sourceTree = "<group>";
		};
		2F2E648125BA2511007D30DF /* flixsterTests */ = {
			isa = PBXGroup;
			children = (
				2F2E648225BA2511007D30DF /* flixsterTests.swift */,
				2F2E648425BA2511007D30DF /* Info.plist */,
			);
			path = flixsterTests;
			sourceTree = "<group>";
		};
		2F2E648C25BA2511007D30DF /* flixsterUITests */ = {
			isa = PBXGroup;
			children = (
				2F2E648D25BA2511007D30DF /* flixsterUITests.swift */,
				2F2E648F25BA2511007D30DF /* Info.plist */,
			);
			path = flixsterUITests;
			sourceTree = "<group>";
		};
/* End PBXGroup section */

/* Begin PBXNativeTarget section */
		2F2E646425BA250A007D30DF /* flixster */ = {
			isa = PBXNativeTarget;
			buildConfigurationList = 2F2E649225BA2511007D30DF /* Build configuration list for PBXNativeTarget "flixster" */;
			buildPhases = (
				2F2E646125BA250A007D30DF /* Sources */,
				2F2E646225BA250A007D30DF /* Frameworks */,
				2F2E646325BA250A007D30DF /* Resources */,
			);
			buildRules = (
			);
			dependencies = (
			);
			name = flixster;
			productName = flixster;
			productReference = 2F2E646525BA250A007D30DF /* flixster.app */;
			productType = "com.apple.product-type.application";
		};
		2F2E647D25BA2511007D30DF /* flixsterTests */ = {
			isa = PBXNativeTarget;
			buildConfigurationList = 2F2E649525BA2511007D30DF /* Build configuration list for PBXNativeTarget "flixsterTests" */;
			buildPhases = (
				2F2E647A25BA2511007D30DF /* Sources */,
				2F2E647B25BA2511007D30DF /* Frameworks */,
				2F2E647C25BA2511007D30DF /* Resources */,
			);
			buildRules = (
			);
			dependencies = (
				2F2E648025BA2511007D30DF /* PBXTargetDependency */,
			);
			name = flixsterTests;
			productName = flixsterTests;
			productReference = 2F2E647E25BA2511007D30DF /* flixsterTests.xctest */;
			productType = "com.apple.product-type.bundle.unit-test";
		};
		2F2E648825BA2511007D30DF /* flixsterUITests */ = {
			isa = PBXNativeTarget;
			buildConfigurationList = 2F2E649825BA2511007D30DF /* Build configuration list for PBXNativeTarget "flixsterUITests" */;
			buildPhases = (
				2F2E648525BA2511007D30DF /* Sources */,
				2F2E648625BA2511007D30DF /* Frameworks */,
				2F2E648725BA2511007D30DF /* Resources */,
			);
			buildRules = (
			);
			dependencies = (
				2F2E648B25BA2511007D30DF /* PBXTargetDependency */,
			);
			name = flixsterUITests;
			productName = flixsterUITests;
			productReference = 2F2E648925BA2511007D30DF /* flixsterUITests.xctest */;
			productType = "com.apple.product-type.bundle.ui-testing";
		};
/* End PBXNativeTarget section */

/* Begin PBXProject section */
		2F2E645D25BA250A007D30DF /* Project object */ = {
			isa = PBXProject;
			attributes = {
				LastSwiftUpdateCheck = 1220;
				LastUpgradeCheck = 1220;
				TargetAttributes = {
					2F2E646425BA250A007D30DF = {
						CreatedOnToolsVersion = 12.2;
					};
					2F2E647D25BA2511007D30DF = {
						CreatedOnToolsVersion = 12.2;
						TestTargetID = 2F2E646425BA250A007D30DF;
					};
					2F2E648825BA2511007D30DF = {
						CreatedOnToolsVersion = 12.2;
						TestTargetID = 2F2E646425BA250A007D30DF;
					};
				};
			};
			buildConfigurationList = 2F2E646025BA250A007D30DF /* Build configuration list for PBXProject "flixster" */;
			compatibilityVersion = "Xcode 9.3";
			developmentRegion = en;
			hasScannedForEncodings = 0;
			knownRegions = (
				en,
				Base,
			);
			mainGroup = 2F2E645C25BA250A007D30DF;
			productRefGroup = 2F2E646625BA250A007D30DF /* Products */;
			projectDirPath = "";
			projectRoot = "";
			targets = (
				2F2E646425BA250A007D30DF /* flixster */,
				2F2E647D25BA2511007D30DF /* flixsterTests */,
				2F2E648825BA2511007D30DF /* flixsterUITests */,
			);
		};
/* End PBXProject section */

/* Begin PBXResourcesBuildPhase section */
		2F2E646325BA250A007D30DF /* Resources */ = {
			isa = PBXResourcesBuildPhase;
			buildActionMask = 2147483647;
			files = (
				2F2E647825BA2510007D30DF /* LaunchScreen.storyboard in Resources */,
				2F2E647525BA2510007D30DF /* Assets.xcassets in Resources */,
				2F2E647025BA250A007D30DF /* Main.storyboard in Resources */,
			);
			runOnlyForDeploymentPostprocessing = 0;
		};
		2F2E647C25BA2511007D30DF /* Resources */ = {
			isa = PBXResourcesBuildPhase;
			buildActionMask = 2147483647;
			files = (
			);
			runOnlyForDeploymentPostprocessing = 0;
		};
		2F2E648725BA2511007D30DF /* Resources */ = {
			isa = PBXResourcesBuildPhase;
			buildActionMask = 2147483647;
			files = (
			);
			runOnlyForDeploymentPostprocessing = 0;
		};
/* End PBXResourcesBuildPhase section */

/* Begin PBXSourcesBuildPhase section */
		2F2E646125BA250A007D30DF /* Sources */ = {
			isa = PBXSourcesBuildPhase;
			buildActionMask = 2147483647;
			files = (
				2F2E646D25BA250A007D30DF /* ViewController.swift in Sources */,
				2F2E646925BA250A007D30DF /* AppDelegate.swift in Sources */,
				2F2E647325BA250A007D30DF /* flixster.xcdatamodeld in Sources */,
				2F2E646B25BA250A007D30DF /* SceneDelegate.swift in Sources */,
			);
			runOnlyForDeploymentPostprocessing = 0;
		};
		2F2E647A25BA2511007D30DF /* Sources */ = {
			isa = PBXSourcesBuildPhase;
			buildActionMask = 2147483647;
			files = (
				2F2E648325BA2511007D30DF /* flixsterTests.swift in Sources */,
			);
			runOnlyForDeploymentPostprocessing = 0;
		};
		2F2E648525BA2511007D30DF /* Sources */ = {
			isa = PBXSourcesBuildPhase;
			buildActionMask = 2147483647;
			files = (
				2F2E648E25BA2511007D30DF /* flixsterUITests.swift in Sources */,
			);
			runOnlyForDeploymentPostprocessing = 0;
		};
/* End PBXSourcesBuildPhase section */

/* Begin PBXTargetDependency section */
		2F2E648025BA2511007D30DF /* PBXTargetDependency */ = {
			isa = PBXTargetDependency;
			target = 2F2E646425BA250A007D30DF /* flixster */;
			targetProxy = 2F2E647F25BA2511007D30DF /* PBXContainerItemProxy */;
		};
		2F2E648B25BA2511007D30DF /* PBXTargetDependency */ = {
			isa = PBXTargetDependency;
			target = 2F2E646425BA250A007D30DF /* flixster */;
			targetProxy = 2F2E648A25BA2511007D30DF /* PBXContainerItemProxy */;
		};
/* End PBXTargetDependency section */

/* Begin PBXVariantGroup section */
		2F2E646E25BA250A007D30DF /* Main.storyboard */ = {
			isa = PBXVariantGroup;
			children = (
				2F2E646F25BA250A007D30DF /* Base */,
			);
			name = Main.storyboard;
			sourceTree = "<group>";
		};
		2F2E647625BA2510007D30DF /* LaunchScreen.storyboard */ = {
			isa = PBXVariantGroup;
			children = (
				2F2E647725BA2510007D30DF /* Base */,
			);
			name = LaunchScreen.storyboard;
			sourceTree = "<group>";
		};
/* End PBXVariantGroup section */

/* Begin XCBuildConfiguration section */
		2F2E649025BA2511007D30DF /* Debug */ = {
			isa = XCBuildConfiguration;
			buildSettings = {
				ALWAYS_SEARCH_USER_PATHS = NO;
				CLANG_ANALYZER_NONNULL = YES;
				CLANG_ANALYZER_NUMBER_OBJECT_CONVERSION = YES_AGGRESSIVE;
				CLANG_CXX_LANGUAGE_STANDARD = "gnu++14";
				CLANG_CXX_LIBRARY = "libc++";
				CLANG_ENABLE_MODULES = YES;
				CLANG_ENABLE_OBJC_ARC = YES;
				CLANG_ENABLE_OBJC_WEAK = YES;
				CLANG_WARN_BLOCK_CAPTURE_AUTORELEASING = YES;
				CLANG_WARN_BOOL_CONVERSION = YES;
				CLANG_WARN_COMMA = YES;
				CLANG_WARN_CONSTANT_CONVERSION = YES;
				CLANG_WARN_DEPRECATED_OBJC_IMPLEMENTATIONS = YES;
				CLANG_WARN_DIRECT_OBJC_ISA_USAGE = YES_ERROR;
				CLANG_WARN_DOCUMENTATION_COMMENTS = YES;
				CLANG_WARN_EMPTY_BODY = YES;
				CLANG_WARN_ENUM_CONVERSION = YES;
				CLANG_WARN_INFINITE_RECURSION = YES;
				CLANG_WARN_INT_CONVERSION = YES;
				CLANG_WARN_NON_LITERAL_NULL_CONVERSION = YES;
				CLANG_WARN_OBJC_IMPLICIT_RETAIN_SELF = YES;
				CLANG_WARN_OBJC_LITERAL_CONVERSION = YES;
				CLANG_WARN_OBJC_ROOT_CLASS = YES_ERROR;
				CLANG_WARN_QUOTED_INCLUDE_IN_FRAMEWORK_HEADER = YES;
				CLANG_WARN_RANGE_LOOP_ANALYSIS = YES;
				CLANG_WARN_STRICT_PROTOTYPES = YES;
				CLANG_WARN_SUSPICIOUS_MOVE = YES;
				CLANG_WARN_UNGUARDED_AVAILABILITY = YES_AGGRESSIVE;
				CLANG_WARN_UNREACHABLE_CODE = YES;
				CLANG_WARN__DUPLICATE_METHOD_MATCH = YES;
				COPY_PHASE_STRIP = NO;
				DEBUG_INFORMATION_FORMAT = dwarf;
				ENABLE_STRICT_OBJC_MSGSEND = YES;
				ENABLE_TESTABILITY = YES;
				GCC_C_LANGUAGE_STANDARD = gnu11;
				GCC_DYNAMIC_NO_PIC = NO;
				GCC_NO_COMMON_BLOCKS = YES;
				GCC_OPTIMIZATION_LEVEL = 0;
				GCC_PREPROCESSOR_DEFINITIONS = (
					"DEBUG=1",
					"$(inherited)",
				);
				GCC_WARN_64_TO_32_BIT_CONVERSION = YES;
				GCC_WARN_ABOUT_RETURN_TYPE = YES_ERROR;
				GCC_WARN_UNDECLARED_SELECTOR = YES;
				GCC_WARN_UNINITIALIZED_AUTOS = YES_AGGRESSIVE;
				GCC_WARN_UNUSED_FUNCTION = YES;
				GCC_WARN_UNUSED_VARIABLE = YES;
				IPHONEOS_DEPLOYMENT_TARGET = 14.2;
				MTL_ENABLE_DEBUG_INFO = INCLUDE_SOURCE;
				MTL_FAST_MATH = YES;
				ONLY_ACTIVE_ARCH = YES;
				SDKROOT = iphoneos;
				SWIFT_ACTIVE_COMPILATION_CONDITIONS = DEBUG;
				SWIFT_OPTIMIZATION_LEVEL = "-Onone";
			};
			name = Debug;
		};
		2F2E649125BA2511007D30DF /* Release */ = {
			isa = XCBuildConfiguration;
			buildSettings = {
				ALWAYS_SEARCH_USER_PATHS = NO;
				CLANG_ANALYZER_NONNULL = YES;
				CLANG_ANALYZER_NUMBER_OBJECT_CONVERSION = YES_AGGRESSIVE;
				CLANG_CXX_LANGUAGE_STANDARD = "gnu++14";
				CLANG_CXX_LIBRARY = "libc++";
				CLANG_ENABLE_MODULES = YES;
				CLANG_ENABLE_OBJC_ARC = YES;
				CLANG_ENABLE_OBJC_WEAK = YES;
				CLANG_WARN_BLOCK_CAPTURE_AUTORELEASING = YES;
				CLANG_WARN_BOOL_CONVERSION = YES;
				CLANG_WARN_COMMA = YES;
				CLANG_WARN_CONSTANT_CONVERSION = YES;
				CLANG_WARN_DEPRECATED_OBJC_IMPLEMENTATIONS = YES;
				CLANG_WARN_DIRECT_OBJC_ISA_USAGE = YES_ERROR;
				CLANG_WARN_DOCUMENTATION_COMMENTS = YES;
				CLANG_WARN_EMPTY_BODY = YES;
				CLANG_WARN_ENUM_CONVERSION = YES;
				CLANG_WARN_INFINITE_RECURSION = YES;
				CLANG_WARN_INT_CONVERSION = YES;
				CLANG_WARN_NON_LITERAL_NULL_CONVERSION = YES;
				CLANG_WARN_OBJC_IMPLICIT_RETAIN_SELF = YES;
				CLANG_WARN_OBJC_LITERAL_CONVERSION = YES;
				CLANG_WARN_OBJC_ROOT_CLASS = YES_ERROR;
				CLANG_WARN_QUOTED_INCLUDE_IN_FRAMEWORK_HEADER = YES;
				CLANG_WARN_RANGE_LOOP_ANALYSIS = YES;
				CLANG_WARN_STRICT_PROTOTYPES = YES;
				CLANG_WARN_SUSPICIOUS_MOVE = YES;
				CLANG_WARN_UNGUARDED_AVAILABILITY = YES_AGGRESSIVE;
				CLANG_WARN_UNREACHABLE_CODE = YES;
				CLANG_WARN__DUPLICATE_METHOD_MATCH = YES;
				COPY_PHASE_STRIP = NO;
				DEBUG_INFORMATION_FORMAT = "dwarf-with-dsym";
				ENABLE_NS_ASSERTIONS = NO;
				ENABLE_STRICT_OBJC_MSGSEND = YES;
				GCC_C_LANGUAGE_STANDARD = gnu11;
				GCC_NO_COMMON_BLOCKS = YES;
				GCC_WARN_64_TO_32_BIT_CONVERSION = YES;
				GCC_WARN_ABOUT_RETURN_TYPE = YES_ERROR;
				GCC_WARN_UNDECLARED_SELECTOR = YES;
				GCC_WARN_UNINITIALIZED_AUTOS = YES_AGGRESSIVE;
				GCC_WARN_UNUSED_FUNCTION = YES;
				GCC_WARN_UNUSED_VARIABLE = YES;
				IPHONEOS_DEPLOYMENT_TARGET = 14.2;
				MTL_ENABLE_DEBUG_INFO = NO;
				MTL_FAST_MATH = YES;
				SDKROOT = iphoneos;
				SWIFT_COMPILATION_MODE = wholemodule;
				SWIFT_OPTIMIZATION_LEVEL = "-O";
				VALIDATE_PRODUCT = YES;
			};
			name = Release;
		};
		2F2E649325BA2511007D30DF /* Debug */ = {
			isa = XCBuildConfiguration;
			buildSettings = {
				ASSETCATALOG_COMPILER_APPICON_NAME = AppIcon;
				ASSETCATALOG_COMPILER_GLOBAL_ACCENT_COLOR_NAME = AccentColor;
				CODE_SIGN_STYLE = Automatic;
				INFOPLIST_FILE = flixster/Info.plist;
				LD_RUNPATH_SEARCH_PATHS = (
					"$(inherited)",
					"@executable_path/Frameworks",
				);
				PRODUCT_BUNDLE_IDENTIFIER = sfryzlewicz.flixster;
				PRODUCT_NAME = "$(TARGET_NAME)";
				SWIFT_VERSION = 5.0;
				TARGETED_DEVICE_FAMILY = "1,2";
			};
			name = Debug;
		};
		2F2E649425BA2511007D30DF /* Release */ = {
			isa = XCBuildConfiguration;
			buildSettings = {
				ASSETCATALOG_COMPILER_APPICON_NAME = AppIcon;
				ASSETCATALOG_COMPILER_GLOBAL_ACCENT_COLOR_NAME = AccentColor;
				CODE_SIGN_STYLE = Automatic;
				INFOPLIST_FILE = flixster/Info.plist;
				LD_RUNPATH_SEARCH_PATHS = (
					"$(inherited)",
					"@executable_path/Frameworks",
				);
				PRODUCT_BUNDLE_IDENTIFIER = sfryzlewicz.flixster;
				PRODUCT_NAME = "$(TARGET_NAME)";
				SWIFT_VERSION = 5.0;
				TARGETED_DEVICE_FAMILY = "1,2";
			};
			name = Release;
		};
		2F2E649625BA2511007D30DF /* Debug */ = {
			isa = XCBuildConfiguration;
			buildSettings = {
				ALWAYS_EMBED_SWIFT_STANDARD_LIBRARIES = YES;
				BUNDLE_LOADER = "$(TEST_HOST)";
				CODE_SIGN_STYLE = Automatic;
				INFOPLIST_FILE = flixsterTests/Info.plist;
				IPHONEOS_DEPLOYMENT_TARGET = 14.2;
				LD_RUNPATH_SEARCH_PATHS = (
					"$(inherited)",
					"@executable_path/Frameworks",
					"@loader_path/Frameworks",
				);
				PRODUCT_BUNDLE_IDENTIFIER = sfryzlewicz.flixsterTests;
				PRODUCT_NAME = "$(TARGET_NAME)";
				SWIFT_VERSION = 5.0;
				TARGETED_DEVICE_FAMILY = "1,2";
				TEST_HOST = "$(BUILT_PRODUCTS_DIR)/flixster.app/flixster";
			};
			name = Debug;
		};
		2F2E649725BA2511007D30DF /* Release */ = {
			isa = XCBuildConfiguration;
			buildSettings = {
				ALWAYS_EMBED_SWIFT_STANDARD_LIBRARIES = YES;
				BUNDLE_LOADER = "$(TEST_HOST)";
				CODE_SIGN_STYLE = Automatic;
				INFOPLIST_FILE = flixsterTests/Info.plist;
				IPHONEOS_DEPLOYMENT_TARGET = 14.2;
				LD_RUNPATH_SEARCH_PATHS = (
					"$(inherited)",
					"@executable_path/Frameworks",
					"@loader_path/Frameworks",
				);
				PRODUCT_BUNDLE_IDENTIFIER = sfryzlewicz.flixsterTests;
				PRODUCT_NAME = "$(TARGET_NAME)";
				SWIFT_VERSION = 5.0;
				TARGETED_DEVICE_FAMILY = "1,2";
				TEST_HOST = "$(BUILT_PRODUCTS_DIR)/flixster.app/flixster";
			};
			name = Release;
		};
		2F2E649925BA2511007D30DF /* Debug */ = {
			isa = XCBuildConfiguration;
			buildSettings = {
				ALWAYS_EMBED_SWIFT_STANDARD_LIBRARIES = YES;
				CODE_SIGN_STYLE = Automatic;
				INFOPLIST_FILE = flixsterUITests/Info.plist;
				LD_RUNPATH_SEARCH_PATHS = (
					"$(inherited)",
					"@executable_path/Frameworks",
					"@loader_path/Frameworks",
				);
				PRODUCT_BUNDLE_IDENTIFIER = sfryzlewicz.flixsterUITests;
				PRODUCT_NAME = "$(TARGET_NAME)";
				SWIFT_VERSION = 5.0;
				TARGETED_DEVICE_FAMILY = "1,2";
				TEST_TARGET_NAME = flixster;
			};
			name = Debug;
		};
		2F2E649A25BA2511007D30DF /* Release */ = {
			isa = XCBuildConfiguration;
			buildSettings = {
				ALWAYS_EMBED_SWIFT_STANDARD_LIBRARIES = YES;
				CODE_SIGN_STYLE = Automatic;
				INFOPLIST_FILE = flixsterUITests/Info.plist;
				LD_RUNPATH_SEARCH_PATHS = (
					"$(inherited)",
					"@executable_path/Frameworks",
					"@loader_path/Frameworks",
				);
				PRODUCT_BUNDLE_IDENTIFIER = sfryzlewicz.flixsterUITests;
				PRODUCT_NAME = "$(TARGET_NAME)";
				SWIFT_VERSION = 5.0;
				TARGETED_DEVICE_FAMILY = "1,2";
				TEST_TARGET_NAME = flixster;
			};
			name = Release;
		};
/* End XCBuildConfiguration section */

/* Begin XCConfigurationList section */
		2F2E646025BA250A007D30DF /* Build configuration list for PBXProject "flixster" */ = {
			isa = XCConfigurationList;
			buildConfigurations = (
				2F2E649025BA2511007D30DF /* Debug */,
				2F2E649125BA2511007D30DF /* Release */,
			);
			defaultConfigurationIsVisible = 0;
			defaultConfigurationName = Release;
		};
		2F2E649225BA2511007D30DF /* Build configuration list for PBXNativeTarget "flixster" */ = {
			isa = XCConfigurationList;
			buildConfigurations = (
				2F2E649325BA2511007D30DF /* Debug */,
				2F2E649425BA2511007D30DF /* Release */,
			);
			defaultConfigurationIsVisible = 0;
			defaultConfigurationName = Release;
		};
		2F2E649525BA2511007D30DF /* Build configuration list for PBXNativeTarget "flixsterTests" */ = {
			isa = XCConfigurationList;
			buildConfigurations = (
				2F2E649625BA2511007D30DF /* Debug */,
				2F2E649725BA2511007D30DF /* Release */,
			);
			defaultConfigurationIsVisible = 0;
			defaultConfigurationName = Release;
		};
		2F2E649825BA2511007D30DF /* Build configuration list for PBXNativeTarget "flixsterUITests" */ = {
			isa = XCConfigurationList;
			buildConfigurations = (
				2F2E649925BA2511007D30DF /* Debug */,
				2F2E649A25BA2511007D30DF /* Release */,
			);
			defaultConfigurationIsVisible = 0;
			defaultConfigurationName = Release;
		};
/* End XCConfigurationList section */

/* Begin XCVersionGroup section */
		2F2E647125BA250A007D30DF /* flixster.xcdatamodeld */ = {
			isa = XCVersionGroup;
			children = (
				2F2E647225BA250A007D30DF /* flixster.xcdatamodel */,
			);
			currentVersion = 2F2E647225BA250A007D30DF /* flixster.xcdatamodel */;
			path = flixster.xcdatamodeld;
			sourceTree = "<group>";
			versionGroupType = wrapper.xcdatamodel;
		};
/* End XCVersionGroup section */
	};
	rootObject = 2F2E645D25BA250A007D30DF /* Project object */;
}
